Microsoft Visual Studio Solution File, Format Version 12.00
# Visual Studio Version 17
VisualStudioVersion = 17.5.2.0
MinimumVisualStudioVersion = 10.0.40219.1
Project("{FAE04EC0-301F-11D3-BF4B-00C04F79EFBC}") = "dingfork", "dingfork\dingfork.csproj", "{5D6931FA-09DE-E899-0BCF-226A0DA43D92}"
EndProject
Global
	GlobalSection(SolutionConfigurationPlatforms) = preSolution
		Debug|Any CPU = Debug|Any CPU
		Release|Any CPU = Release|Any CPU
	EndGlobalSection
	GlobalSection(ProjectConfigurationPlatforms) = postSolution
		{5D6931FA-09DE-E899-0BCF-226A0DA43D92}.Debug|Any CPU.ActiveCfg = Debug|Any CPU
		{5D6931FA-09DE-E899-0BCF-226A0DA43D92}.Debug|Any CPU.Build.0 = Debug|Any CPU
		{5D6931FA-09DE-E899-0BCF-226A0DA43D92}.Release|Any CPU.ActiveCfg = Release|Any CPU
		{5D6931FA-09DE-E899-0BCF-226A0DA43D92}.Release|Any CPU.Build.0 = Release|Any CPU
	EndGlobalSection
	GlobalSection(SolutionProperties) = preSolution
		HideSolutionNode = FALSE
	EndGlobalSection
	GlobalSection(ExtensibilityGlobals) = postSolution
		SolutionGuid = {485A50E4-B1FF-455F-B071-61C0484C1E61}
	EndGlobalSection
EndGlobal
